{
  "nodes": {
    "flake-utils": {
      "locked": {
        "lastModified": 1656928814,
        "narHash": "sha256-RIFfgBuKz6Hp89yRr7+NR5tzIAbn52h8vT6vXkYjZoM=",
        "owner": "numtide",
        "repo": "flake-utils",
        "rev": "7e2a3b3dfd9af950a856d66b0a7d01e3c18aa249",
        "type": "github"
      },
      "original": {
        "owner": "numtide",
        "repo": "flake-utils",
        "type": "github"
      }
    },
    "naersk": {
      "inputs": {
        "nixpkgs": [
          "nixpkgs"
        ]
      },
      "locked": {
        "lastModified": 1662220400,
        "narHash": "sha256-9o2OGQqu4xyLZP9K6kNe1pTHnyPz0Wr3raGYnr9AIgY=",
        "owner": "nmattia",
        "repo": "naersk",
        "rev": "6944160c19cb591eb85bbf9b2f2768a935623ed3",
        "type": "github"
      },
      "original": {
        "owner": "nmattia",
        "repo": "naersk",
        "type": "github"
      }
    },
    "nixpkgs": {
      "locked": {
        "lastModified": 1664281702,
        "narHash": "sha256-haixZ4TJLu1Dciow54wrHrHvlGDVr5sW6MTeAV/ZLuI=",
        "owner": "nixos",
        "repo": "nixpkgs",
        "rev": "7e52b35fe98481a279d89f9c145f8076d049d2b9",
        "type": "github"
      },
      "original": {
        "owner": "nixos",
        "ref": "nixos-unstable",
        "repo": "nixpkgs",
        "type": "github"
      }
    },
    "nixpkgs_2": {
      "locked": {
        "lastModified": 1659102345,
        "narHash": "sha256-Vbzlz254EMZvn28BhpN8JOi5EuKqnHZ3ujFYgFcSGvk=",
        "owner": "NixOS",
        "repo": "nixpkgs",
        "rev": "11b60e4f80d87794a2a4a8a256391b37c59a1ea7",
        "type": "github"
      },
      "original": {
        "owner": "NixOS",
        "ref": "nixpkgs-unstable",
        "repo": "nixpkgs",
        "type": "github"
      }
    },
    "oxalica": {
      "inputs": {
        "flake-utils": "flake-utils",
        "nixpkgs": "nixpkgs_2"
      },
      "locked": {
        "lastModified": 1664420529,
        "narHash": "sha256-hCSvJeoWZZbBTCR/QyazP+VzGHpuKfcgaPx2hQ90w7s=",
        "owner": "oxalica",
        "repo": "rust-overlay",
        "rev": "1601b5a28c50fd9d40bd61b8878f3499e09bce7a",
        "type": "github"
      },
      "original": {
        "owner": "oxalica",
        "repo": "rust-overlay",
        "type": "github"
      }
    },
    "root": {
      "inputs": {
        "naersk": "naersk",
        "nixpkgs": "nixpkgs",
        "oxalica": "oxalica"
      }
    }
  },
  "root": "root",
  "version": 7
}
